
Microsoft Visual Studio Solution File, Format Version 12.00
# Visual Studio Version 16
VisualStudioVersion = 16.0.29613.14
MinimumVisualStudioVersion = 10.0.40219.1
Project("{FAE04EC0-301F-11D3-BF4B-00C04F79EFBC}") = "Vehicules", "Vehicules.csproj", "{574C978E-F9CE-40C3-876E-C0E6B0C6AC2A}"
EndProject
Project("{FAE04EC0-301F-11D3-BF4B-00C04F79EFBC}") = "Vehicles.UniTests", "..\Vehicles.UniTests\Vehicles.UniTests.csproj", "{E64AFE4E-ACC9-4D41-8213-67A718337AF2}"
EndProject
Global
	GlobalSection(SolutionConfigurationPlatforms) = preSolution
		Debug|Any CPU = Debug|Any CPU
		Release|Any CPU = Release|Any CPU
	EndGlobalSection
	GlobalSection(ProjectConfigurationPlatforms) = postSolution
		{574C978E-F9CE-40C3-876E-C0E6B0C6AC2A}.Debug|Any CPU.ActiveCfg = Debug|Any CPU
		{574C978E-F9CE-40C3-876E-C0E6B0C6AC2A}.Debug|Any CPU.Build.0 = Debug|Any CPU
		{574C978E-F9CE-40C3-876E-C0E6B0C6AC2A}.Release|Any CPU.ActiveCfg = Release|Any CPU
		{574C978E-F9CE-40C3-876E-C0E6B0C6AC2A}.Release|Any CPU.Build.0 = Release|Any CPU
		{E64AFE4E-ACC9-4D41-8213-67A718337AF2}.Debug|Any CPU.ActiveCfg = Debug|Any CPU
		{E64AFE4E-ACC9-4D41-8213-67A718337AF2}.Debug|Any CPU.Build.0 = Debug|Any CPU
		{E64AFE4E-ACC9-4D41-8213-67A718337AF2}.Release|Any CPU.ActiveCfg = Release|Any CPU
		{E64AFE4E-ACC9-4D41-8213-67A718337AF2}.Release|Any CPU.Build.0 = Release|Any CPU
	EndGlobalSection
	GlobalSection(SolutionProperties) = preSolution
		HideSolutionNode = FALSE
	EndGlobalSection
	GlobalSection(ExtensibilityGlobals) = postSolution
		SolutionGuid = {4A5A7397-9CD9-4BE1-92B5-D8E598764DD4}
	EndGlobalSection
EndGlobal
